// !$*UTF8*$!
{
	archiveVersion = 1;
	classes = {
	};
	objectVersion = 47;
	objects = {

/* Begin PBXBuildFile section */
		52D6D9871BEFF229002C0205 /* DataViewable.framework in Frameworks */ = {isa = PBXBuildFile; fileRef = 52D6D97C1BEFF229002C0205 /* DataViewable.framework */; };
		8242482C2130409B00AFE120 /* DataViewStyle.swift in Sources */ = {isa = PBXBuildFile; fileRef = 824248172130409900AFE120 /* DataViewStyle.swift */; };
		8242482D2130409B00AFE120 /* DataView.swift in Sources */ = {isa = PBXBuildFile; fileRef = 824248182130409A00AFE120 /* DataView.swift */; };
		8242482E2130409B00AFE120 /* DataViewState.swift in Sources */ = {isa = PBXBuildFile; fileRef = 824248192130409A00AFE120 /* DataViewState.swift */; };
		8242482F2130409B00AFE120 /* DataViewable+UITableView.swift in Sources */ = {isa = PBXBuildFile; fileRef = 8242481A2130409A00AFE120 /* DataViewable+UITableView.swift */; };
		824248302130409B00AFE120 /* DataViewable+UICollectionView.swift in Sources */ = {isa = PBXBuildFile; fileRef = 8242481B2130409A00AFE120 /* DataViewable+UICollectionView.swift */; };
		824248312130409B00AFE120 /* DataViewable+UIImageView.swift in Sources */ = {isa = PBXBuildFile; fileRef = 8242481C2130409A00AFE120 /* DataViewable+UIImageView.swift */; };
		824248322130409B00AFE120 /* Refreshable.swift in Sources */ = {isa = PBXBuildFile; fileRef = 8242481D2130409A00AFE120 /* Refreshable.swift */; };
		824248332130409B00AFE120 /* DataViewable.swift in Sources */ = {isa = PBXBuildFile; fileRef = 8242481E2130409A00AFE120 /* DataViewable.swift */; };
		824248362130409B00AFE120 /* DataViewable+UILabel.swift in Sources */ = {isa = PBXBuildFile; fileRef = 824248212130409A00AFE120 /* DataViewable+UILabel.swift */; };
		824248372130409B00AFE120 /* DataViewable+UIViewController.swift in Sources */ = {isa = PBXBuildFile; fileRef = 824248222130409A00AFE120 /* DataViewable+UIViewController.swift */; };
		824248382130409B00AFE120 /* DataImageView.swift in Sources */ = {isa = PBXBuildFile; fileRef = 824248232130409A00AFE120 /* DataImageView.swift */; };
		824248392130409B00AFE120 /* DataLabel.swift in Sources */ = {isa = PBXBuildFile; fileRef = 824248242130409A00AFE120 /* DataLabel.swift */; };
		8242483A2130409B00AFE120 /* DataViewController.swift in Sources */ = {isa = PBXBuildFile; fileRef = 824248252130409A00AFE120 /* DataViewController.swift */; };
		8242483B2130409B00AFE120 /* DataViewDelegate.swift in Sources */ = {isa = PBXBuildFile; fileRef = 824248262130409A00AFE120 /* DataViewDelegate.swift */; };
		8242483C2130409B00AFE120 /* EmptyDataView.swift in Sources */ = {isa = PBXBuildFile; fileRef = 824248272130409A00AFE120 /* EmptyDataView.swift */; };
		8242483D2130409B00AFE120 /* DataTableView.swift in Sources */ = {isa = PBXBuildFile; fileRef = 824248282130409B00AFE120 /* DataTableView.swift */; };
		8242483E2130409B00AFE120 /* DataViewSource.swift in Sources */ = {isa = PBXBuildFile; fileRef = 824248292130409B00AFE120 /* DataViewSource.swift */; };
		8242483F2130409B00AFE120 /* DataCollectionView.swift in Sources */ = {isa = PBXBuildFile; fileRef = 8242482A2130409B00AFE120 /* DataCollectionView.swift */; };
		824248402130409B00AFE120 /* DataViewable+UIView.swift in Sources */ = {isa = PBXBuildFile; fileRef = 8242482B2130409B00AFE120 /* DataViewable+UIView.swift */; };
		824248512130415900AFE120 /* Assets.xcassets in Resources */ = {isa = PBXBuildFile; fileRef = 824248502130415900AFE120 /* Assets.xcassets */; };
		824248542130415900AFE120 /* LaunchScreen.storyboard in Resources */ = {isa = PBXBuildFile; fileRef = 824248522130415900AFE120 /* LaunchScreen.storyboard */; };
		824248832130435A00AFE120 /* DataViewController.swift in Sources */ = {isa = PBXBuildFile; fileRef = 824248252130409A00AFE120 /* DataViewController.swift */; };
		824248842130435A00AFE120 /* DataCollectionView.swift in Sources */ = {isa = PBXBuildFile; fileRef = 8242482A2130409B00AFE120 /* DataCollectionView.swift */; };
		824248852130435A00AFE120 /* DataImageView.swift in Sources */ = {isa = PBXBuildFile; fileRef = 824248232130409A00AFE120 /* DataImageView.swift */; };
		824248862130435A00AFE120 /* DataLabel.swift in Sources */ = {isa = PBXBuildFile; fileRef = 824248242130409A00AFE120 /* DataLabel.swift */; };
		824248872130435A00AFE120 /* DataTableView.swift in Sources */ = {isa = PBXBuildFile; fileRef = 824248282130409B00AFE120 /* DataTableView.swift */; };
		824248882130435A00AFE120 /* DataView.swift in Sources */ = {isa = PBXBuildFile; fileRef = 824248182130409A00AFE120 /* DataView.swift */; };
		824248892130436100AFE120 /* DataViewable.swift in Sources */ = {isa = PBXBuildFile; fileRef = 8242481E2130409A00AFE120 /* DataViewable.swift */; };
		8242488A2130436100AFE120 /* DataViewable+UICollectionView.swift in Sources */ = {isa = PBXBuildFile; fileRef = 8242481B2130409A00AFE120 /* DataViewable+UICollectionView.swift */; };
		8242488B2130436100AFE120 /* DataViewable+UIImageView.swift in Sources */ = {isa = PBXBuildFile; fileRef = 8242481C2130409A00AFE120 /* DataViewable+UIImageView.swift */; };
		8242488C2130436100AFE120 /* DataViewable+UILabel.swift in Sources */ = {isa = PBXBuildFile; fileRef = 824248212130409A00AFE120 /* DataViewable+UILabel.swift */; };
		8242488D2130436100AFE120 /* DataViewable+UITableView.swift in Sources */ = {isa = PBXBuildFile; fileRef = 8242481A2130409A00AFE120 /* DataViewable+UITableView.swift */; };
		8242488E2130436100AFE120 /* DataViewable+UIView.swift in Sources */ = {isa = PBXBuildFile; fileRef = 8242482B2130409B00AFE120 /* DataViewable+UIView.swift */; };
		8242488F2130436100AFE120 /* DataViewable+UIViewController.swift in Sources */ = {isa = PBXBuildFile; fileRef = 824248222130409A00AFE120 /* DataViewable+UIViewController.swift */; };
		824248902130436900AFE120 /* DataViewDelegate.swift in Sources */ = {isa = PBXBuildFile; fileRef = 824248262130409A00AFE120 /* DataViewDelegate.swift */; };
		824248912130436900AFE120 /* DataViewSource.swift in Sources */ = {isa = PBXBuildFile; fileRef = 824248292130409B00AFE120 /* DataViewSource.swift */; };
		824248922130436900AFE120 /* DataViewState.swift in Sources */ = {isa = PBXBuildFile; fileRef = 824248192130409A00AFE120 /* DataViewState.swift */; };
		824248932130436900AFE120 /* DataViewStyle.swift in Sources */ = {isa = PBXBuildFile; fileRef = 824248172130409900AFE120 /* DataViewStyle.swift */; };
		824248942130436900AFE120 /* EmptyDataView.swift in Sources */ = {isa = PBXBuildFile; fileRef = 824248272130409A00AFE120 /* EmptyDataView.swift */; };
		824248952130436900AFE120 /* Refreshable.swift in Sources */ = {isa = PBXBuildFile; fileRef = 8242481D2130409A00AFE120 /* Refreshable.swift */; };
		824248962130442000AFE120 /* AppDelegate.swift in Sources */ = {isa = PBXBuildFile; fileRef = 8242486D2130433000AFE120 /* AppDelegate.swift */; };
		824248972130442000AFE120 /* CustomEmptyDataViewController.swift in Sources */ = {isa = PBXBuildFile; fileRef = 824248712130433100AFE120 /* CustomEmptyDataViewController.swift */; };
		824248982130442000AFE120 /* CustomEmptyDataViewController.xib in Resources */ = {isa = PBXBuildFile; fileRef = 8242486A2130433000AFE120 /* CustomEmptyDataViewController.xib */; };
		824248992130442000AFE120 /* EmptyDataSetViewFactory.swift in Sources */ = {isa = PBXBuildFile; fileRef = 824248742130433100AFE120 /* EmptyDataSetViewFactory.swift */; };
		8242489A2130442000AFE120 /* EmptyImageViewController.swift in Sources */ = {isa = PBXBuildFile; fileRef = 8242486E2130433000AFE120 /* EmptyImageViewController.swift */; };
		8242489B2130442000AFE120 /* EmptyImageViewController.xib in Resources */ = {isa = PBXBuildFile; fileRef = 8242486C2130433000AFE120 /* EmptyImageViewController.xib */; };
		8242489C2130442000AFE120 /* EmptyViewController.swift in Sources */ = {isa = PBXBuildFile; fileRef = 8242486B2130433000AFE120 /* EmptyViewController.swift */; };
		8242489D2130442000AFE120 /* EmptyViewController.xib in Resources */ = {isa = PBXBuildFile; fileRef = 8242486F2130433000AFE120 /* EmptyViewController.xib */; };
		8242489E2130442000AFE120 /* RootViewController.swift in Sources */ = {isa = PBXBuildFile; fileRef = 824248702130433000AFE120 /* RootViewController.swift */; };
		8242489F2130442000AFE120 /* RootViewController.xib in Resources */ = {isa = PBXBuildFile; fileRef = 824248732130433100AFE120 /* RootViewController.xib */; };
		824248A22130442000AFE120 /* ViewController.swift in Sources */ = {isa = PBXBuildFile; fileRef = 824248672130433000AFE120 /* ViewController.swift */; };
		824248A32130442000AFE120 /* ViewController.xib in Resources */ = {isa = PBXBuildFile; fileRef = 824248722130433100AFE120 /* ViewController.xib */; };
		8933C7901EB5B82D000D00A4 /* DataViewableTests.swift in Sources */ = {isa = PBXBuildFile; fileRef = 8933C7891EB5B82A000D00A4 /* DataViewableTests.swift */; };
/* End PBXBuildFile section */

/* Begin PBXContainerItemProxy section */
		52D6D9881BEFF229002C0205 /* PBXContainerItemProxy */ = {
			isa = PBXContainerItemProxy;
			containerPortal = 52D6D9731BEFF229002C0205 /* Project object */;
			proxyType = 1;
			remoteGlobalIDString = 52D6D97B1BEFF229002C0205;
			remoteInfo = DataViewable;
		};
/* End PBXContainerItemProxy section */

/* Begin PBXFileReference section */
		52D6D97C1BEFF229002C0205 /* DataViewable.framework */ = {isa = PBXFileReference; explicitFileType = wrapper.framework; includeInIndex = 0; path = DataViewable.framework; sourceTree = BUILT_PRODUCTS_DIR; };
		52D6D9861BEFF229002C0205 /* DataViewable-iOS Tests.xctest */ = {isa = PBXFileReference; explicitFileType = wrapper.cfbundle; includeInIndex = 0; path = "DataViewable-iOS Tests.xctest"; sourceTree = BUILT_PRODUCTS_DIR; };
		824248172130409900AFE120 /* DataViewStyle.swift */ = {isa = PBXFileReference; fileEncoding = 4; lastKnownFileType = sourcecode.swift; path = DataViewStyle.swift; sourceTree = "<group>"; };
		824248182130409A00AFE120 /* DataView.swift */ = {isa = PBXFileReference; fileEncoding = 4; lastKnownFileType = sourcecode.swift; path = DataView.swift; sourceTree = "<group>"; };
		824248192130409A00AFE120 /* DataViewState.swift */ = {isa = PBXFileReference; fileEncoding = 4; lastKnownFileType = sourcecode.swift; path = DataViewState.swift; sourceTree = "<group>"; };
		8242481A2130409A00AFE120 /* DataViewable+UITableView.swift */ = {isa = PBXFileReference; fileEncoding = 4; lastKnownFileType = sourcecode.swift; path = "DataViewable+UITableView.swift"; sourceTree = "<group>"; };
		8242481B2130409A00AFE120 /* DataViewable+UICollectionView.swift */ = {isa = PBXFileReference; fileEncoding = 4; lastKnownFileType = sourcecode.swift; path = "DataViewable+UICollectionView.swift"; sourceTree = "<group>"; };
		8242481C2130409A00AFE120 /* DataViewable+UIImageView.swift */ = {isa = PBXFileReference; fileEncoding = 4; lastKnownFileType = sourcecode.swift; path = "DataViewable+UIImageView.swift"; sourceTree = "<group>"; };
		8242481D2130409A00AFE120 /* Refreshable.swift */ = {isa = PBXFileReference; fileEncoding = 4; lastKnownFileType = sourcecode.swift; path = Refreshable.swift; sourceTree = "<group>"; };
		8242481E2130409A00AFE120 /* DataViewable.swift */ = {isa = PBXFileReference; fileEncoding = 4; lastKnownFileType = sourcecode.swift; path = DataViewable.swift; sourceTree = "<group>"; };
		824248212130409A00AFE120 /* DataViewable+UILabel.swift */ = {isa = PBXFileReference; fileEncoding = 4; lastKnownFileType = sourcecode.swift; path = "DataViewable+UILabel.swift"; sourceTree = "<group>"; };
		824248222130409A00AFE120 /* DataViewable+UIViewController.swift */ = {isa = PBXFileReference; fileEncoding = 4; lastKnownFileType = sourcecode.swift; path = "DataViewable+UIViewController.swift"; sourceTree = "<group>"; };
		824248232130409A00AFE120 /* DataImageView.swift */ = {isa = PBXFileReference; fileEncoding = 4; lastKnownFileType = sourcecode.swift; path = DataImageView.swift; sourceTree = "<group>"; };
		824248242130409A00AFE120 /* DataLabel.swift */ = {isa = PBXFileReference; fileEncoding = 4; lastKnownFileType = sourcecode.swift; path = DataLabel.swift; sourceTree = "<group>"; };
		824248252130409A00AFE120 /* DataViewController.swift */ = {isa = PBXFileReference; fileEncoding = 4; lastKnownFileType = sourcecode.swift; path = DataViewController.swift; sourceTree = "<group>"; };
		824248262130409A00AFE120 /* DataViewDelegate.swift */ = {isa = PBXFileReference; fileEncoding = 4; lastKnownFileType = sourcecode.swift; path = DataViewDelegate.swift; sourceTree = "<group>"; };
		824248272130409A00AFE120 /* EmptyDataView.swift */ = {isa = PBXFileReference; fileEncoding = 4; lastKnownFileType = sourcecode.swift; path = EmptyDataView.swift; sourceTree = "<group>"; };
		824248282130409B00AFE120 /* DataTableView.swift */ = {isa = PBXFileReference; fileEncoding = 4; lastKnownFileType = sourcecode.swift; path = DataTableView.swift; sourceTree = "<group>"; };
		824248292130409B00AFE120 /* DataViewSource.swift */ = {isa = PBXFileReference; fileEncoding = 4; lastKnownFileType = sourcecode.swift; path = DataViewSource.swift; sourceTree = "<group>"; };
		8242482A2130409B00AFE120 /* DataCollectionView.swift */ = {isa = PBXFileReference; fileEncoding = 4; lastKnownFileType = sourcecode.swift; path = DataCollectionView.swift; sourceTree = "<group>"; };
		8242482B2130409B00AFE120 /* DataViewable+UIView.swift */ = {isa = PBXFileReference; fileEncoding = 4; lastKnownFileType = sourcecode.swift; path = "DataViewable+UIView.swift"; sourceTree = "<group>"; };
		824248472130415800AFE120 /* DataViewableExample-iOS.app */ = {isa = PBXFileReference; explicitFileType = wrapper.application; includeInIndex = 0; path = "DataViewableExample-iOS.app"; sourceTree = BUILT_PRODUCTS_DIR; };
		824248502130415900AFE120 /* Assets.xcassets */ = {isa = PBXFileReference; lastKnownFileType = folder.assetcatalog; path = Assets.xcassets; sourceTree = "<group>"; };
		824248532130415900AFE120 /* Base */ = {isa = PBXFileReference; lastKnownFileType = file.storyboard; name = Base; path = Base.lproj/LaunchScreen.storyboard; sourceTree = "<group>"; };
		824248552130415900AFE120 /* Info.plist */ = {isa = PBXFileReference; lastKnownFileType = text.plist.xml; path = Info.plist; sourceTree = "<group>"; };
		824248672130433000AFE120 /* ViewController.swift */ = {isa = PBXFileReference; fileEncoding = 4; lastKnownFileType = sourcecode.swift; path = ViewController.swift; sourceTree = "<group>"; };
		8242486A2130433000AFE120 /* CustomEmptyDataViewController.xib */ = {isa = PBXFileReference; fileEncoding = 4; lastKnownFileType = file.xib; path = CustomEmptyDataViewController.xib; sourceTree = "<group>"; };
		8242486B2130433000AFE120 /* EmptyViewController.swift */ = {isa = PBXFileReference; fileEncoding = 4; lastKnownFileType = sourcecode.swift; path = EmptyViewController.swift; sourceTree = "<group>"; };
		8242486C2130433000AFE120 /* EmptyImageViewController.xib */ = {isa = PBXFileReference; fileEncoding = 4; lastKnownFileType = file.xib; path = EmptyImageViewController.xib; sourceTree = "<group>"; };
		8242486D2130433000AFE120 /* AppDelegate.swift */ = {isa = PBXFileReference; fileEncoding = 4; lastKnownFileType = sourcecode.swift; path = AppDelegate.swift; sourceTree = "<group>"; };
		8242486E2130433000AFE120 /* EmptyImageViewController.swift */ = {isa = PBXFileReference; fileEncoding = 4; lastKnownFileType = sourcecode.swift; path = EmptyImageViewController.swift; sourceTree = "<group>"; };
		8242486F2130433000AFE120 /* EmptyViewController.xib */ = {isa = PBXFileReference; fileEncoding = 4; lastKnownFileType = file.xib; path = EmptyViewController.xib; sourceTree = "<group>"; };
		824248702130433000AFE120 /* RootViewController.swift */ = {isa = PBXFileReference; fileEncoding = 4; lastKnownFileType = sourcecode.swift; path = RootViewController.swift; sourceTree = "<group>"; };
		824248712130433100AFE120 /* CustomEmptyDataViewController.swift */ = {isa = PBXFileReference; fileEncoding = 4; lastKnownFileType = sourcecode.swift; path = CustomEmptyDataViewController.swift; sourceTree = "<group>"; };
		824248722130433100AFE120 /* ViewController.xib */ = {isa = PBXFileReference; fileEncoding = 4; lastKnownFileType = file.xib; path = ViewController.xib; sourceTree = "<group>"; };
		824248732130433100AFE120 /* RootViewController.xib */ = {isa = PBXFileReference; fileEncoding = 4; lastKnownFileType = file.xib; path = RootViewController.xib; sourceTree = "<group>"; };
		824248742130433100AFE120 /* EmptyDataSetViewFactory.swift */ = {isa = PBXFileReference; fileEncoding = 4; lastKnownFileType = sourcecode.swift; path = EmptyDataSetViewFactory.swift; sourceTree = "<group>"; };
		8933C7891EB5B82A000D00A4 /* DataViewableTests.swift */ = {isa = PBXFileReference; fileEncoding = 4; lastKnownFileType = sourcecode.swift; path = DataViewableTests.swift; sourceTree = "<group>"; };
		AD2FAA261CD0B6D800659CF4 /* DataViewable.plist */ = {isa = PBXFileReference; fileEncoding = 4; lastKnownFileType = text.plist.xml; path = DataViewable.plist; sourceTree = "<group>"; };
		AD2FAA281CD0B6E100659CF4 /* DataViewableTests.plist */ = {isa = PBXFileReference; fileEncoding = 4; lastKnownFileType = text.plist.xml; path = DataViewableTests.plist; sourceTree = "<group>"; };
/* End PBXFileReference section */

/* Begin PBXFrameworksBuildPhase section */
		52D6D9781BEFF229002C0205 /* Frameworks */ = {
			isa = PBXFrameworksBuildPhase;
			buildActionMask = 2147483647;
			files = (
			);
			runOnlyForDeploymentPostprocessing = 0;
		};
		52D6D9831BEFF229002C0205 /* Frameworks */ = {
			isa = PBXFrameworksBuildPhase;
			buildActionMask = 2147483647;
			files = (
				52D6D9871BEFF229002C0205 /* DataViewable.framework in Frameworks */,
			);
			runOnlyForDeploymentPostprocessing = 0;
		};
		824248442130415800AFE120 /* Frameworks */ = {
			isa = PBXFrameworksBuildPhase;
			buildActionMask = 2147483647;
			files = (
			);
			runOnlyForDeploymentPostprocessing = 0;
		};
/* End PBXFrameworksBuildPhase section */

/* Begin PBXGroup section */
		52D6D9721BEFF229002C0205 = {
			isa = PBXGroup;
			children = (
				8933C7811EB5B7E0000D00A4 /* Sources */,
				8933C7831EB5B7EB000D00A4 /* Tests */,
				52D6D99C1BEFF38C002C0205 /* Configs */,
				824248482130415800AFE120 /* Example */,
				52D6D97D1BEFF229002C0205 /* Products */,
			);
			sourceTree = "<group>";
		};
		52D6D97D1BEFF229002C0205 /* Products */ = {
			isa = PBXGroup;
			children = (
				52D6D97C1BEFF229002C0205 /* DataViewable.framework */,
				52D6D9861BEFF229002C0205 /* DataViewable-iOS Tests.xctest */,
				824248472130415800AFE120 /* DataViewableExample-iOS.app */,
			);
			name = Products;
			sourceTree = "<group>";
		};
		52D6D99C1BEFF38C002C0205 /* Configs */ = {
			isa = PBXGroup;
			children = (
				DD7502721C68FC1B006590AF /* Frameworks */,
				DD7502731C68FC20006590AF /* Tests */,
			);
			path = Configs;
			sourceTree = "<group>";
		};
		824248412130410100AFE120 /* Data Views */ = {
			isa = PBXGroup;
			children = (
				824248252130409A00AFE120 /* DataViewController.swift */,
				8242482A2130409B00AFE120 /* DataCollectionView.swift */,
				824248232130409A00AFE120 /* DataImageView.swift */,
				824248242130409A00AFE120 /* DataLabel.swift */,
				824248282130409B00AFE120 /* DataTableView.swift */,
				824248182130409A00AFE120 /* DataView.swift */,
			);
			path = "Data Views";
			sourceTree = "<group>";
		};
		824248422130410E00AFE120 /* DataViewable */ = {
			isa = PBXGroup;
			children = (
				8242481E2130409A00AFE120 /* DataViewable.swift */,
				8242481B2130409A00AFE120 /* DataViewable+UICollectionView.swift */,
				8242481C2130409A00AFE120 /* DataViewable+UIImageView.swift */,
				824248212130409A00AFE120 /* DataViewable+UILabel.swift */,
				8242481A2130409A00AFE120 /* DataViewable+UITableView.swift */,
				8242482B2130409B00AFE120 /* DataViewable+UIView.swift */,
				824248222130409A00AFE120 /* DataViewable+UIViewController.swift */,
			);
			path = DataViewable;
			sourceTree = "<group>";
		};
		824248482130415800AFE120 /* Example */ = {
			isa = PBXGroup;
			children = (
				8242486D2130433000AFE120 /* AppDelegate.swift */,
				824248712130433100AFE120 /* CustomEmptyDataViewController.swift */,
				8242486A2130433000AFE120 /* CustomEmptyDataViewController.xib */,
				824248742130433100AFE120 /* EmptyDataSetViewFactory.swift */,
				8242486E2130433000AFE120 /* EmptyImageViewController.swift */,
				8242486C2130433000AFE120 /* EmptyImageViewController.xib */,
				8242486B2130433000AFE120 /* EmptyViewController.swift */,
				8242486F2130433000AFE120 /* EmptyViewController.xib */,
				824248702130433000AFE120 /* RootViewController.swift */,
				824248732130433100AFE120 /* RootViewController.xib */,
				824248672130433000AFE120 /* ViewController.swift */,
				824248722130433100AFE120 /* ViewController.xib */,
				824248502130415900AFE120 /* Assets.xcassets */,
				824248522130415900AFE120 /* LaunchScreen.storyboard */,
				824248552130415900AFE120 /* Info.plist */,
			);
			path = Example;
			sourceTree = "<group>";
		};
		8933C7811EB5B7E0000D00A4 /* Sources */ = {
			isa = PBXGroup;
			children = (
				824248412130410100AFE120 /* Data Views */,
				824248422130410E00AFE120 /* DataViewable */,
				824248262130409A00AFE120 /* DataViewDelegate.swift */,
				824248292130409B00AFE120 /* DataViewSource.swift */,
				824248192130409A00AFE120 /* DataViewState.swift */,
				824248172130409900AFE120 /* DataViewStyle.swift */,
				824248272130409A00AFE120 /* EmptyDataView.swift */,
				8242481D2130409A00AFE120 /* Refreshable.swift */,
			);
			path = Sources;
			sourceTree = "<group>";
		};
		8933C7831EB5B7EB000D00A4 /* Tests */ = {
			isa = PBXGroup;
			children = (
				8933C7891EB5B82A000D00A4 /* DataViewableTests.swift */,
			);
			name = Tests;
			path = Tests/DataViewableTests;
			sourceTree = "<group>";
		};
		DD7502721C68FC1B006590AF /* Frameworks */ = {
			isa = PBXGroup;
			children = (
				AD2FAA261CD0B6D800659CF4 /* DataViewable.plist */,
			);
			name = Frameworks;
			sourceTree = "<group>";
		};
		DD7502731C68FC20006590AF /* Tests */ = {
			isa = PBXGroup;
			children = (
				AD2FAA281CD0B6E100659CF4 /* DataViewableTests.plist */,
			);
			name = Tests;
			sourceTree = "<group>";
		};
/* End PBXGroup section */

/* Begin PBXHeadersBuildPhase section */
		52D6D9791BEFF229002C0205 /* Headers */ = {
			isa = PBXHeadersBuildPhase;
			buildActionMask = 2147483647;
			files = (
			);
			runOnlyForDeploymentPostprocessing = 0;
		};
/* End PBXHeadersBuildPhase section */

/* Begin PBXNativeTarget section */
		52D6D97B1BEFF229002C0205 /* DataViewable-iOS */ = {
			isa = PBXNativeTarget;
			buildConfigurationList = 52D6D9901BEFF229002C0205 /* Build configuration list for PBXNativeTarget "DataViewable-iOS" */;
			buildPhases = (
				52D6D9771BEFF229002C0205 /* Sources */,
				52D6D9781BEFF229002C0205 /* Frameworks */,
				52D6D9791BEFF229002C0205 /* Headers */,
				52D6D97A1BEFF229002C0205 /* Resources */,
			);
			buildRules = (
			);
			dependencies = (
			);
			name = "DataViewable-iOS";
			productName = DataViewable;
			productReference = 52D6D97C1BEFF229002C0205 /* DataViewable.framework */;
			productType = "com.apple.product-type.framework";
		};
		52D6D9851BEFF229002C0205 /* DataViewable-iOS Tests */ = {
			isa = PBXNativeTarget;
			buildConfigurationList = 52D6D9931BEFF229002C0205 /* Build configuration list for PBXNativeTarget "DataViewable-iOS Tests" */;
			buildPhases = (
				52D6D9821BEFF229002C0205 /* Sources */,
				52D6D9831BEFF229002C0205 /* Frameworks */,
				52D6D9841BEFF229002C0205 /* Resources */,
			);
			buildRules = (
			);
			dependencies = (
				52D6D9891BEFF229002C0205 /* PBXTargetDependency */,
			);
			name = "DataViewable-iOS Tests";
			productName = DataViewableTests;
			productReference = 52D6D9861BEFF229002C0205 /* DataViewable-iOS Tests.xctest */;
			productType = "com.apple.product-type.bundle.unit-test";
		};
		824248462130415800AFE120 /* DataViewableExample-iOS */ = {
			isa = PBXNativeTarget;
			buildConfigurationList = 824248612130415A00AFE120 /* Build configuration list for PBXNativeTarget "DataViewableExample-iOS" */;
			buildPhases = (
				824248432130415800AFE120 /* Sources */,
				824248442130415800AFE120 /* Frameworks */,
				824248452130415800AFE120 /* Resources */,
			);
			buildRules = (
			);
			dependencies = (
			);
			name = "DataViewableExample-iOS";
			productName = "DataViewableExample-iOS";
			productReference = 824248472130415800AFE120 /* DataViewableExample-iOS.app */;
			productType = "com.apple.product-type.application";
		};
/* End PBXNativeTarget section */

/* Begin PBXProject section */
		52D6D9731BEFF229002C0205 /* Project object */ = {
			isa = PBXProject;
			attributes = {
				LastSwiftUpdateCheck = 0940;
				LastUpgradeCheck = 0940;
				ORGANIZATIONNAME = "stable|kernel";
				TargetAttributes = {
					52D6D97B1BEFF229002C0205 = {
						CreatedOnToolsVersion = 7.1;
						LastSwiftMigration = 0940;
					};
					52D6D9851BEFF229002C0205 = {
						CreatedOnToolsVersion = 7.1;
						LastSwiftMigration = 0800;
					};
					824248462130415800AFE120 = {
						CreatedOnToolsVersion = 9.4;
						DevelopmentTeam = MWPBSG68XT;
						ProvisioningStyle = Automatic;
					};
				};
			};
			buildConfigurationList = 52D6D9761BEFF229002C0205 /* Build configuration list for PBXProject "DataViewable" */;
			compatibilityVersion = "Xcode 6.3";
			developmentRegion = English;
			hasScannedForEncodings = 0;
			knownRegions = (
				en,
				Base,
			);
			mainGroup = 52D6D9721BEFF229002C0205;
			productRefGroup = 52D6D97D1BEFF229002C0205 /* Products */;
			projectDirPath = "";
			projectRoot = "";
			targets = (
				52D6D97B1BEFF229002C0205 /* DataViewable-iOS */,
				52D6D9851BEFF229002C0205 /* DataViewable-iOS Tests */,
				824248462130415800AFE120 /* DataViewableExample-iOS */,
			);
		};
/* End PBXProject section */

/* Begin PBXResourcesBuildPhase section */
		52D6D97A1BEFF229002C0205 /* Resources */ = {
			isa = PBXResourcesBuildPhase;
			buildActionMask = 2147483647;
			files = (
			);
			runOnlyForDeploymentPostprocessing = 0;
		};
		52D6D9841BEFF229002C0205 /* Resources */ = {
			isa = PBXResourcesBuildPhase;
			buildActionMask = 2147483647;
			files = (
			);
			runOnlyForDeploymentPostprocessing = 0;
		};
		824248452130415800AFE120 /* Resources */ = {
			isa = PBXResourcesBuildPhase;
			buildActionMask = 2147483647;
			files = (
				824248982130442000AFE120 /* CustomEmptyDataViewController.xib in Resources */,
				824248542130415900AFE120 /* LaunchScreen.storyboard in Resources */,
				824248A32130442000AFE120 /* ViewController.xib in Resources */,
				8242489F2130442000AFE120 /* RootViewController.xib in Resources */,
				8242489B2130442000AFE120 /* EmptyImageViewController.xib in Resources */,
				8242489D2130442000AFE120 /* EmptyViewController.xib in Resources */,
				824248512130415900AFE120 /* Assets.xcassets in Resources */,
			);
			runOnlyForDeploymentPostprocessing = 0;
		};
/* End PBXResourcesBuildPhase section */

/* Begin PBXSourcesBuildPhase section */
		52D6D9771BEFF229002C0205 /* Sources */ = {
			isa = PBXSourcesBuildPhase;
			buildActionMask = 2147483647;
			files = (
				824248362130409B00AFE120 /* DataViewable+UILabel.swift in Sources */,
				8242483E2130409B00AFE120 /* DataViewSource.swift in Sources */,
				8242483A2130409B00AFE120 /* DataViewController.swift in Sources */,
				824248402130409B00AFE120 /* DataViewable+UIView.swift in Sources */,
				8242482D2130409B00AFE120 /* DataView.swift in Sources */,
				8242482C2130409B00AFE120 /* DataViewStyle.swift in Sources */,
				8242482F2130409B00AFE120 /* DataViewable+UITableView.swift in Sources */,
				8242483B2130409B00AFE120 /* DataViewDelegate.swift in Sources */,
				824248302130409B00AFE120 /* DataViewable+UICollectionView.swift in Sources */,
				824248382130409B00AFE120 /* DataImageView.swift in Sources */,
				8242482E2130409B00AFE120 /* DataViewState.swift in Sources */,
				824248312130409B00AFE120 /* DataViewable+UIImageView.swift in Sources */,
				824248392130409B00AFE120 /* DataLabel.swift in Sources */,
				8242483F2130409B00AFE120 /* DataCollectionView.swift in Sources */,
				8242483D2130409B00AFE120 /* DataTableView.swift in Sources */,
				8242483C2130409B00AFE120 /* EmptyDataView.swift in Sources */,
				824248332130409B00AFE120 /* DataViewable.swift in Sources */,
				824248322130409B00AFE120 /* Refreshable.swift in Sources */,
				824248372130409B00AFE120 /* DataViewable+UIViewController.swift in Sources */,
			);
			runOnlyForDeploymentPostprocessing = 0;
		};
		52D6D9821BEFF229002C0205 /* Sources */ = {
			isa = PBXSourcesBuildPhase;
			buildActionMask = 2147483647;
			files = (
				8933C7901EB5B82D000D00A4 /* DataViewableTests.swift in Sources */,
			);
			runOnlyForDeploymentPostprocessing = 0;
		};
		824248432130415800AFE120 /* Sources */ = {
			isa = PBXSourcesBuildPhase;
			buildActionMask = 2147483647;
			files = (
				824248882130435A00AFE120 /* DataView.swift in Sources */,
				8242488E2130436100AFE120 /* DataViewable+UIView.swift in Sources */,
				8242488D2130436100AFE120 /* DataViewable+UITableView.swift in Sources */,
				824248862130435A00AFE120 /* DataLabel.swift in Sources */,
				824248922130436900AFE120 /* DataViewState.swift in Sources */,
				824248932130436900AFE120 /* DataViewStyle.swift in Sources */,
				824248992130442000AFE120 /* EmptyDataSetViewFactory.swift in Sources */,
				824248842130435A00AFE120 /* DataCollectionView.swift in Sources */,
				8242489A2130442000AFE120 /* EmptyImageViewController.swift in Sources */,
				824248972130442000AFE120 /* CustomEmptyDataViewController.swift in Sources */,
				824248912130436900AFE120 /* DataViewSource.swift in Sources */,
				824248962130442000AFE120 /* AppDelegate.swift in Sources */,
				824248942130436900AFE120 /* EmptyDataView.swift in Sources */,
				824248902130436900AFE120 /* DataViewDelegate.swift in Sources */,
				824248872130435A00AFE120 /* DataTableView.swift in Sources */,
				8242489E2130442000AFE120 /* RootViewController.swift in Sources */,
				824248892130436100AFE120 /* DataViewable.swift in Sources */,
				824248952130436900AFE120 /* Refreshable.swift in Sources */,
				8242488B2130436100AFE120 /* DataViewable+UIImageView.swift in Sources */,
				8242489C2130442000AFE120 /* EmptyViewController.swift in Sources */,
				824248A22130442000AFE120 /* ViewController.swift in Sources */,
				824248852130435A00AFE120 /* DataImageView.swift in Sources */,
				8242488C2130436100AFE120 /* DataViewable+UILabel.swift in Sources */,
				8242488F2130436100AFE120 /* DataViewable+UIViewController.swift in Sources */,
				824248832130435A00AFE120 /* DataViewController.swift in Sources */,
				8242488A2130436100AFE120 /* DataViewable+UICollectionView.swift in Sources */,
			);
			runOnlyForDeploymentPostprocessing = 0;
		};
/* End PBXSourcesBuildPhase section */

/* Begin PBXTargetDependency section */
		52D6D9891BEFF229002C0205 /* PBXTargetDependency */ = {
			isa = PBXTargetDependency;
			target = 52D6D97B1BEFF229002C0205 /* DataViewable-iOS */;
			targetProxy = 52D6D9881BEFF229002C0205 /* PBXContainerItemProxy */;
		};
/* End PBXTargetDependency section */

/* Begin PBXVariantGroup section */
		824248522130415900AFE120 /* LaunchScreen.storyboard */ = {
			isa = PBXVariantGroup;
			children = (
				824248532130415900AFE120 /* Base */,
			);
			name = LaunchScreen.storyboard;
			sourceTree = "<group>";
		};
/* End PBXVariantGroup section */

/* Begin XCBuildConfiguration section */
		52D6D98E1BEFF229002C0205 /* Debug */ = {
			isa = XCBuildConfiguration;
			buildSettings = {
				ALWAYS_SEARCH_USER_PATHS = NO;
				CLANG_CXX_LANGUAGE_STANDARD = "gnu++0x";
				CLANG_CXX_LIBRARY = "libc++";
				CLANG_ENABLE_MODULES = YES;
				CLANG_ENABLE_OBJC_ARC = YES;
				CLANG_WARN_BLOCK_CAPTURE_AUTORELEASING = YES;
				CLANG_WARN_BOOL_CONVERSION = YES;
				CLANG_WARN_COMMA = YES;
				CLANG_WARN_CONSTANT_CONVERSION = YES;
				CLANG_WARN_DEPRECATED_OBJC_IMPLEMENTATIONS = YES;
				CLANG_WARN_DIRECT_OBJC_ISA_USAGE = YES_ERROR;
				CLANG_WARN_EMPTY_BODY = YES;
				CLANG_WARN_ENUM_CONVERSION = YES;
				CLANG_WARN_INFINITE_RECURSION = YES;
				CLANG_WARN_INT_CONVERSION = YES;
				CLANG_WARN_NON_LITERAL_NULL_CONVERSION = YES;
				CLANG_WARN_OBJC_IMPLICIT_RETAIN_SELF = YES;
				CLANG_WARN_OBJC_LITERAL_CONVERSION = YES;
				CLANG_WARN_OBJC_ROOT_CLASS = YES_ERROR;
				CLANG_WARN_RANGE_LOOP_ANALYSIS = YES;
				CLANG_WARN_STRICT_PROTOTYPES = YES;
				CLANG_WARN_SUSPICIOUS_MOVE = YES;
				CLANG_WARN_UNREACHABLE_CODE = YES;
				CLANG_WARN__DUPLICATE_METHOD_MATCH = YES;
				"CODE_SIGN_IDENTITY[sdk=iphoneos*]" = "iPhone Developer";
				COPY_PHASE_STRIP = NO;
				CURRENT_PROJECT_VERSION = 1;
				DEBUG_INFORMATION_FORMAT = dwarf;
				ENABLE_STRICT_OBJC_MSGSEND = YES;
				ENABLE_TESTABILITY = YES;
				GCC_C_LANGUAGE_STANDARD = gnu99;
				GCC_DYNAMIC_NO_PIC = NO;
				GCC_NO_COMMON_BLOCKS = YES;
				GCC_OPTIMIZATION_LEVEL = 0;
				GCC_PREPROCESSOR_DEFINITIONS = (
					"DEBUG=1",
					"$(inherited)",
				);
				GCC_WARN_64_TO_32_BIT_CONVERSION = YES;
				GCC_WARN_ABOUT_RETURN_TYPE = YES_ERROR;
				GCC_WARN_UNDECLARED_SELECTOR = YES;
				GCC_WARN_UNINITIALIZED_AUTOS = YES_AGGRESSIVE;
				GCC_WARN_UNUSED_FUNCTION = YES;
				GCC_WARN_UNUSED_VARIABLE = YES;
				IPHONEOS_DEPLOYMENT_TARGET = 11.0;
				MTL_ENABLE_DEBUG_INFO = YES;
				ONLY_ACTIVE_ARCH = YES;
				SDKROOT = iphoneos;
				SWIFT_OPTIMIZATION_LEVEL = "-Onone";
				SWIFT_VERSION = 4.0;
				TARGETED_DEVICE_FAMILY = "1,2";
				VERSIONING_SYSTEM = "apple-generic";
				VERSION_INFO_PREFIX = "";
			};
			name = Debug;
		};
		52D6D98F1BEFF229002C0205 /* Release */ = {
			isa = XCBuildConfiguration;
			buildSettings = {
				ALWAYS_SEARCH_USER_PATHS = NO;
				CLANG_CXX_LANGUAGE_STANDARD = "gnu++0x";
				CLANG_CXX_LIBRARY = "libc++";
				CLANG_ENABLE_MODULES = YES;
				CLANG_ENABLE_OBJC_ARC = YES;
				CLANG_WARN_BLOCK_CAPTURE_AUTORELEASING = YES;
				CLANG_WARN_BOOL_CONVERSION = YES;
				CLANG_WARN_COMMA = YES;
				CLANG_WARN_CONSTANT_CONVERSION = YES;
				CLANG_WARN_DEPRECATED_OBJC_IMPLEMENTATIONS = YES;
				CLANG_WARN_DIRECT_OBJC_ISA_USAGE = YES_ERROR;
				CLANG_WARN_EMPTY_BODY = YES;
				CLANG_WARN_ENUM_CONVERSION = YES;
				CLANG_WARN_INFINITE_RECURSION = YES;
				CLANG_WARN_INT_CONVERSION = YES;
				CLANG_WARN_NON_LITERAL_NULL_CONVERSION = YES;
				CLANG_WARN_OBJC_IMPLICIT_RETAIN_SELF = YES;
				CLANG_WARN_OBJC_LITERAL_CONVERSION = YES;
				CLANG_WARN_OBJC_ROOT_CLASS = YES_ERROR;
				CLANG_WARN_RANGE_LOOP_ANALYSIS = YES;
				CLANG_WARN_STRICT_PROTOTYPES = YES;
				CLANG_WARN_SUSPICIOUS_MOVE = YES;
				CLANG_WARN_UNREACHABLE_CODE = YES;
				CLANG_WARN__DUPLICATE_METHOD_MATCH = YES;
				"CODE_SIGN_IDENTITY[sdk=iphoneos*]" = "iPhone Developer";
				COPY_PHASE_STRIP = NO;
				CURRENT_PROJECT_VERSION = 1;
				DEBUG_INFORMATION_FORMAT = "dwarf-with-dsym";
				ENABLE_NS_ASSERTIONS = NO;
				ENABLE_STRICT_OBJC_MSGSEND = YES;
				GCC_C_LANGUAGE_STANDARD = gnu99;
				GCC_NO_COMMON_BLOCKS = YES;
				GCC_WARN_64_TO_32_BIT_CONVERSION = YES;
				GCC_WARN_ABOUT_RETURN_TYPE = YES_ERROR;
				GCC_WARN_UNDECLARED_SELECTOR = YES;
				GCC_WARN_UNINITIALIZED_AUTOS = YES_AGGRESSIVE;
				GCC_WARN_UNUSED_FUNCTION = YES;
				GCC_WARN_UNUSED_VARIABLE = YES;
				IPHONEOS_DEPLOYMENT_TARGET = 11.0;
				MTL_ENABLE_DEBUG_INFO = NO;
				SDKROOT = iphoneos;
				SWIFT_VERSION = 4.0;
				TARGETED_DEVICE_FAMILY = "1,2";
				VALIDATE_PRODUCT = YES;
				VERSIONING_SYSTEM = "apple-generic";
				VERSION_INFO_PREFIX = "";
			};
			name = Release;
		};
		52D6D9911BEFF229002C0205 /* Debug */ = {
			isa = XCBuildConfiguration;
			buildSettings = {
				APPLICATION_EXTENSION_API_ONLY = YES;
				CLANG_ENABLE_MODULES = YES;
				"CODE_SIGN_IDENTITY[sdk=iphoneos*]" = "";
				DEFINES_MODULE = YES;
				DYLIB_COMPATIBILITY_VERSION = 1;
				DYLIB_CURRENT_VERSION = 1;
				DYLIB_INSTALL_NAME_BASE = "@rpath";
				INFOPLIST_FILE = Configs/DataViewable.plist;
				INSTALL_PATH = "$(LOCAL_LIBRARY_DIR)/Frameworks";
				IPHONEOS_DEPLOYMENT_TARGET = 11.0;
				LD_RUNPATH_SEARCH_PATHS = "$(inherited) @executable_path/Frameworks @loader_path/Frameworks";
				ONLY_ACTIVE_ARCH = NO;
				PRODUCT_BUNDLE_IDENTIFIER = "com.DataViewable.DataViewable-iOS";
				PRODUCT_NAME = DataViewable;
				SKIP_INSTALL = YES;
				SWIFT_OPTIMIZATION_LEVEL = "-Onone";
				SWIFT_VERSION = 4.0;
			};
			name = Debug;
		};
		52D6D9921BEFF229002C0205 /* Release */ = {
			isa = XCBuildConfiguration;
			buildSettings = {
				APPLICATION_EXTENSION_API_ONLY = YES;
				CLANG_ENABLE_MODULES = YES;
				"CODE_SIGN_IDENTITY[sdk=iphoneos*]" = "";
				DEFINES_MODULE = YES;
				DYLIB_COMPATIBILITY_VERSION = 1;
				DYLIB_CURRENT_VERSION = 1;
				DYLIB_INSTALL_NAME_BASE = "@rpath";
				INFOPLIST_FILE = Configs/DataViewable.plist;
				INSTALL_PATH = "$(LOCAL_LIBRARY_DIR)/Frameworks";
				IPHONEOS_DEPLOYMENT_TARGET = 11.0;
				LD_RUNPATH_SEARCH_PATHS = "$(inherited) @executable_path/Frameworks @loader_path/Frameworks";
				PRODUCT_BUNDLE_IDENTIFIER = "com.DataViewable.DataViewable-iOS";
				PRODUCT_NAME = DataViewable;
				SKIP_INSTALL = YES;
				SWIFT_OPTIMIZATION_LEVEL = "-Owholemodule";
				SWIFT_VERSION = 4.0;
			};
			name = Release;
		};
		52D6D9941BEFF229002C0205 /* Debug */ = {
			isa = XCBuildConfiguration;
			buildSettings = {
				ALWAYS_EMBED_SWIFT_STANDARD_LIBRARIES = YES;
				CLANG_ENABLE_MODULES = YES;
				INFOPLIST_FILE = Configs/DataViewableTests.plist;
				LD_RUNPATH_SEARCH_PATHS = "$(inherited) @executable_path/Frameworks @loader_path/Frameworks";
				PRODUCT_BUNDLE_IDENTIFIER = "com.DataViewable.DataViewable-iOS-Tests";
				PRODUCT_NAME = "$(TARGET_NAME)";
				SWIFT_OPTIMIZATION_LEVEL = "-Onone";
				SWIFT_VERSION = 4.0;
			};
			name = Debug;
		};
		52D6D9951BEFF229002C0205 /* Release */ = {
			isa = XCBuildConfiguration;
			buildSettings = {
				ALWAYS_EMBED_SWIFT_STANDARD_LIBRARIES = YES;
				CLANG_ENABLE_MODULES = YES;
				INFOPLIST_FILE = Configs/DataViewableTests.plist;
				LD_RUNPATH_SEARCH_PATHS = "$(inherited) @executable_path/Frameworks @loader_path/Frameworks";
				PRODUCT_BUNDLE_IDENTIFIER = "com.DataViewable.DataViewable-iOS-Tests";
				PRODUCT_NAME = "$(TARGET_NAME)";
				SWIFT_OPTIMIZATION_LEVEL = "-Owholemodule";
				SWIFT_VERSION = 4.0;
			};
			name = Release;
		};
		824248622130415A00AFE120 /* Debug */ = {
			isa = XCBuildConfiguration;
			buildSettings = {
				ASSETCATALOG_COMPILER_APPICON_NAME = AppIcon;
				CLANG_ANALYZER_NONNULL = YES;
				CLANG_ANALYZER_NUMBER_OBJECT_CONVERSION = YES_AGGRESSIVE;
				CLANG_CXX_LANGUAGE_STANDARD = "gnu++14";
				CLANG_ENABLE_OBJC_WEAK = YES;
				CLANG_WARN_DEPRECATED_OBJC_IMPLEMENTATIONS = YES;
				CLANG_WARN_DOCUMENTATION_COMMENTS = YES;
				CLANG_WARN_OBJC_IMPLICIT_RETAIN_SELF = YES;
				CLANG_WARN_UNGUARDED_AVAILABILITY = YES_AGGRESSIVE;
				CODE_SIGN_IDENTITY = "iPhone Developer";
				CODE_SIGN_STYLE = Automatic;
				DEVELOPMENT_TEAM = MWPBSG68XT;
				GCC_C_LANGUAGE_STANDARD = gnu11;
				INFOPLIST_FILE = Example/Info.plist;
				IPHONEOS_DEPLOYMENT_TARGET = 11.4;
				LD_RUNPATH_SEARCH_PATHS = "$(inherited) @executable_path/Frameworks";
				PRODUCT_BUNDLE_IDENTIFIER = "com.stablekernel.DataViewableExample-iOS";
				PRODUCT_NAME = "$(TARGET_NAME)";
				SWIFT_ACTIVE_COMPILATION_CONDITIONS = DEBUG;
				SWIFT_VERSION = 4.0;
				TARGETED_DEVICE_FAMILY = "1,2";
			};
			name = Debug;
		};
		824248632130415A00AFE120 /* Release */ = {
			isa = XCBuildConfiguration;
			buildSettings = {
				ASSETCATALOG_COMPILER_APPICON_NAME = AppIcon;
				CLANG_ANALYZER_NONNULL = YES;
				CLANG_ANALYZER_NUMBER_OBJECT_CONVERSION = YES_AGGRESSIVE;
				CLANG_CXX_LANGUAGE_STANDARD = "gnu++14";
				CLANG_ENABLE_OBJC_WEAK = YES;
				CLANG_WARN_DEPRECATED_OBJC_IMPLEMENTATIONS = YES;
				CLANG_WARN_DOCUMENTATION_COMMENTS = YES;
				CLANG_WARN_OBJC_IMPLICIT_RETAIN_SELF = YES;
				CLANG_WARN_UNGUARDED_AVAILABILITY = YES_AGGRESSIVE;
				CODE_SIGN_IDENTITY = "iPhone Developer";
				CODE_SIGN_STYLE = Automatic;
				DEVELOPMENT_TEAM = MWPBSG68XT;
				GCC_C_LANGUAGE_STANDARD = gnu11;
				INFOPLIST_FILE = Example/Info.plist;
				IPHONEOS_DEPLOYMENT_TARGET = 11.4;
				LD_RUNPATH_SEARCH_PATHS = "$(inherited) @executable_path/Frameworks";
				PRODUCT_BUNDLE_IDENTIFIER = "com.stablekernel.DataViewableExample-iOS";
				PRODUCT_NAME = "$(TARGET_NAME)";
				SWIFT_OPTIMIZATION_LEVEL = "-Owholemodule";
				SWIFT_VERSION = 4.0;
				TARGETED_DEVICE_FAMILY = "1,2";
			};
			name = Release;
		};
/* End XCBuildConfiguration section */

/* Begin XCConfigurationList section */
		52D6D9761BEFF229002C0205 /* Build configuration list for PBXProject "DataViewable" */ = {
			isa = XCConfigurationList;
			buildConfigurations = (
				52D6D98E1BEFF229002C0205 /* Debug */,
				52D6D98F1BEFF229002C0205 /* Release */,
			);
			defaultConfigurationIsVisible = 0;
			defaultConfigurationName = Release;
		};
		52D6D9901BEFF229002C0205 /* Build configuration list for PBXNativeTarget "DataViewable-iOS" */ = {
			isa = XCConfigurationList;
			buildConfigurations = (
				52D6D9911BEFF229002C0205 /* Debug */,
				52D6D9921BEFF229002C0205 /* Release */,
			);
			defaultConfigurationIsVisible = 0;
			defaultConfigurationName = Release;
		};
		52D6D9931BEFF229002C0205 /* Build configuration list for PBXNativeTarget "DataViewable-iOS Tests" */ = {
			isa = XCConfigurationList;
			buildConfigurations = (
				52D6D9941BEFF229002C0205 /* Debug */,
				52D6D9951BEFF229002C0205 /* Release */,
			);
			defaultConfigurationIsVisible = 0;
			defaultConfigurationName = Release;
		};
		824248612130415A00AFE120 /* Build configuration list for PBXNativeTarget "DataViewableExample-iOS" */ = {
			isa = XCConfigurationList;
			buildConfigurations = (
				824248622130415A00AFE120 /* Debug */,
				824248632130415A00AFE120 /* Release */,
			);
			defaultConfigurationIsVisible = 0;
			defaultConfigurationName = Release;
		};
/* End XCConfigurationList section */
	};
	rootObject = 52D6D9731BEFF229002C0205 /* Project object */;
}
